{
  "name": "halcamera-docgen",
  "version": "2.0.0",
  "lockfileVersion": 3,
  "requires": true,
  "packages": {
    "": {
      "name": "halcamera-docgen",
      "version": "2.0.0",
      "dependencies": {
        "@ttolsun/omm-doc-workflow": "git+https://github.com/TTolsun/omm-doc-workflow.git#v0.5.1"
      }
    },
    "node_modules/@ttolsun/omm-doc-workflow": {
      "version": "0.5.1",
      "resolved": "git+ssh://git@github.com/TTolsun/omm-doc-workflow.git#c388a30df4a0896b3982d2353e1f773940f572db",
      "dependencies": {
        "marked": "18.0.13",
        "oh-my-mermaid": "0.2.0"
      },
      "bin": {
        "docflow": "bin/docflow.mjs"
      },
      "engines": {
        "node": ">=24"
      }
    },
    "node_modules/marked": {
      "version": "18.0.13",
      "resolved": "https://registry.npmjs.org/marked/-/marked-18.0.13.tgz",
      "integrity": "sha512-xTxVzZsBFwunP6HDmtBkabUQEYArnP7/rMDGmPj9SlrKlQ4i8MdYVow+nJL0eOqwpUqhzBoTBRADGN6uYwPyOw==",
      "license": "MIT",
      "bin": {
        "marked": "bin/marked.js"
      },
      "engines": {
        "node": ">= 20"
      }
    },
    "node_modules/oh-my-mermaid": {
      "version": "0.2.0",
      "resolved": "https://registry.npmjs.org/oh-my-mermaid/-/oh-my-mermaid-0.2.0.tgz",
      "integrity": "sha512-bpovJ7pLptTBFaYqPO5koTvcT2AsV/CgQDczl9KxXIt/pSsylZGe0fuKLX26RodlwFHgQyWoZyp6oFBqNqHS6Q==",
      "license": "MIT",
      "dependencies": {
        "yaml": "^2.8.3"
      },
      "bin": {
        "omm": "dist/cli.js"
      },
      "engines": {
        "node": ">=18"
      }
    },
    "node_modules/yaml": {
      "version": "2.9.1",
      "resolved": "https://registry.npmjs.org/yaml/-/yaml-2.9.1.tgz",
      "integrity": "sha512-3NxN8+78OdzbT7C/WjGsyfPAtJaN3FNDsWxv7Y7mcDsT/oOmgW8BpyQQFFBnvZE3j9Y2Sdz1ULFLezL7Eb2yFw==",
      "license": "ISC",
      "bin": {
        "yaml": "bin.mjs"
      },
      "engines": {
        "node": ">= 14.6"
      },
      "funding": {
        "url": "https://github.com/sponsors/eemeli"
      }
    }
  }
}
